
Microsoft Visual Studio Solution File, Format Version 12.00
# Visual Studio Version 17
VisualStudioVersion = 17.6.33712.159
MinimumVisualStudioVersion = 10.0.40219.1
Project("{FAE04EC0-301F-11D3-BF4B-00C04F79EFBC}") = "BenchmarkV2", "BenchmarkV2.csproj", "{93B848D6-DA1F-4CC5-A8F4-50C94F637C7B}"
EndProject
Global
	GlobalSection(SolutionConfigurationPlatforms) = preSolution
		Debug|Any CPU = Debug|Any CPU
		Release|Any CPU = Release|Any CPU
	EndGlobalSection
	GlobalSection(ProjectConfigurationPlatforms) = postSolution
		{93B848D6-DA1F-4CC5-A8F4-50C94F637C7B}.Debug|Any CPU.ActiveCfg = Debug|Any CPU
		{93B848D6-DA1F-4CC5-A8F4-50C94F637C7B}.Debug|Any CPU.Build.0 = Debug|Any CPU
		{93B848D6-DA1F-4CC5-A8F4-50C94F637C7B}.Release|Any CPU.ActiveCfg = Release|Any CPU
		{93B848D6-DA1F-4CC5-A8F4-50C94F637C7B}.Release|Any CPU.Build.0 = Release|Any CPU
	EndGlobalSection
	GlobalSection(SolutionProperties) = preSolution
		HideSolutionNode = FALSE
	EndGlobalSection
	GlobalSection(ExtensibilityGlobals) = postSolution
		SolutionGuid = {205E196E-2458-45BE-BAE6-E377034429F4}
	EndGlobalSection
EndGlobal
